
Microsoft Visual Studio Solution File, Format Version 12.00
# Visual Studio 15
VisualStudioVersion = 15.0.27130.2036
MinimumVisualStudioVersion = 10.0.40219.1
Project("{DA7A21FA-8162-4350-AD77-A8D1B671F3ED}") = "XGBoostWithParameterTunning", "XGBoostWithParameterTunning\XGBoostWithParameterTunning.rxproj", "{50BEA9E0-5E27-4A8A-82A6-4A5F45BF38EF}"
EndProject
Global
	GlobalSection(SolutionConfigurationPlatforms) = preSolution
		Debug|Any CPU = Debug|Any CPU
		Release|Any CPU = Release|Any CPU
	EndGlobalSection
	GlobalSection(ProjectConfigurationPlatforms) = postSolution
		{50BEA9E0-5E27-4A8A-82A6-4A5F45BF38EF}.Debug|Any CPU.ActiveCfg = Debug|Any CPU
		{50BEA9E0-5E27-4A8A-82A6-4A5F45BF38EF}.Debug|Any CPU.Build.0 = Debug|Any CPU
		{50BEA9E0-5E27-4A8A-82A6-4A5F45BF38EF}.Release|Any CPU.ActiveCfg = Release|Any CPU
		{50BEA9E0-5E27-4A8A-82A6-4A5F45BF38EF}.Release|Any CPU.Build.0 = Release|Any CPU
	EndGlobalSection
	GlobalSection(SolutionProperties) = preSolution
		HideSolutionNode = FALSE
	EndGlobalSection
	GlobalSection(ExtensibilityGlobals) = postSolution
		SolutionGuid = {7DB15588-CA5D-4A1E-B0CC-02D0521DDC24}
	EndGlobalSection
EndGlobal
