
Microsoft Visual Studio Solution File, Format Version 12.00
# Visual Studio 15
VisualStudioVersion = 15.0.27130.2036
MinimumVisualStudioVersion = 10.0.40219.1
Project("{DA7A21FA-8162-4350-AD77-A8D1B671F3ED}") = "GBMwithParameterTunning", "GBMwithParameterTunning\GBMwithParameterTunning.rxproj", "{0D8A4489-0DDA-48B2-A3E4-21E99995340B}"
EndProject
Global
	GlobalSection(SolutionConfigurationPlatforms) = preSolution
		Debug|Any CPU = Debug|Any CPU
		Release|Any CPU = Release|Any CPU
	EndGlobalSection
	GlobalSection(ProjectConfigurationPlatforms) = postSolution
		{0D8A4489-0DDA-48B2-A3E4-21E99995340B}.Debug|Any CPU.ActiveCfg = Debug|Any CPU
		{0D8A4489-0DDA-48B2-A3E4-21E99995340B}.Debug|Any CPU.Build.0 = Debug|Any CPU
		{0D8A4489-0DDA-48B2-A3E4-21E99995340B}.Release|Any CPU.ActiveCfg = Release|Any CPU
		{0D8A4489-0DDA-48B2-A3E4-21E99995340B}.Release|Any CPU.Build.0 = Release|Any CPU
	EndGlobalSection
	GlobalSection(SolutionProperties) = preSolution
		HideSolutionNode = FALSE
	EndGlobalSection
	GlobalSection(ExtensibilityGlobals) = postSolution
		SolutionGuid = {C8AF60E5-3199-4EFF-98FF-255425727AD1}
	EndGlobalSection
EndGlobal
